
Microsoft Visual Studio Solution File, Format Version 12.00
# Visual Studio Version 16
VisualStudioVersion = 16.0.31205.134
MinimumVisualStudioVersion = 10.0.40219.1
Project("{FAE04EC0-301F-11D3-BF4B-00C04F79EFBC}") = "Dolap.Android", "Dolap\Dolap.Android\Dolap.Android.csproj", "{6246BAB7-A52C-411D-B65B-2CCF21893E6C}"
EndProject
Project("{FAE04EC0-301F-11D3-BF4B-00C04F79EFBC}") = "Dolap", "Dolap\Dolap\Dolap.csproj", "{56D6B834-C3A8-4363-A691-7023B6EBAEDB}"
EndProject
Global
	GlobalSection(SolutionConfigurationPlatforms) = preSolution
		Debug|Any CPU = Debug|Any CPU
		Release|Any CPU = Release|Any CPU
	EndGlobalSection
	GlobalSection(ProjectConfigurationPlatforms) = postSolution
		{6246BAB7-A52C-411D-B65B-2CCF21893E6C}.Debug|Any CPU.ActiveCfg = Debug|Any CPU
		{6246BAB7-A52C-411D-B65B-2CCF21893E6C}.Debug|Any CPU.Build.0 = Debug|Any CPU
		{6246BAB7-A52C-411D-B65B-2CCF21893E6C}.Debug|Any CPU.Deploy.0 = Debug|Any CPU
		{6246BAB7-A52C-411D-B65B-2CCF21893E6C}.Release|Any CPU.ActiveCfg = Release|Any CPU
		{6246BAB7-A52C-411D-B65B-2CCF21893E6C}.Release|Any CPU.Build.0 = Release|Any CPU
		{6246BAB7-A52C-411D-B65B-2CCF21893E6C}.Release|Any CPU.Deploy.0 = Release|Any CPU
		{56D6B834-C3A8-4363-A691-7023B6EBAEDB}.Debug|Any CPU.ActiveCfg = Debug|Any CPU
		{56D6B834-C3A8-4363-A691-7023B6EBAEDB}.Debug|Any CPU.Build.0 = Debug|Any CPU
		{56D6B834-C3A8-4363-A691-7023B6EBAEDB}.Debug|Any CPU.Deploy.0 = Debug|Any CPU
		{56D6B834-C3A8-4363-A691-7023B6EBAEDB}.Release|Any CPU.ActiveCfg = Release|Any CPU
		{56D6B834-C3A8-4363-A691-7023B6EBAEDB}.Release|Any CPU.Build.0 = Release|Any CPU
		{56D6B834-C3A8-4363-A691-7023B6EBAEDB}.Release|Any CPU.Deploy.0 = Release|Any CPU
	EndGlobalSection
	GlobalSection(SolutionProperties) = preSolution
		HideSolutionNode = FALSE
	EndGlobalSection
	GlobalSection(ExtensibilityGlobals) = postSolution
		SolutionGuid = {5C38E074-704B-4D7C-964E-B1D211C1848A}
	EndGlobalSection
EndGlobal
